# This file was autogenerated by Stack.
# You should not edit this file by hand.
# For more information, please see the documentation at:
#   https://docs.haskellstack.org/en/stable/lock_files

packages:
- completed:
    hackage: comonad-extras-4.0.1@sha256:60c93aa274239086d96d162c3c8bf7cde33a3e8470ecb56461b2f77d2625521e,1321
    pantry-tree:
      size: 365
      sha256: 073a63488f2d71ac41355097da8292d70c5e8d56fabb4346955ac943c8ff24b9
  original:
    hackage: comonad-extras-4.0.1@sha256:60c93aa274239086d96d162c3c8bf7cde33a3e8470ecb56461b2f77d2625521e,1321
snapshots:
- completed:
    size: 494638
    url: https://raw.githubusercontent.com/commercialhaskell/stackage-snapshots/master/lts/15/11.yaml
    sha256: 5747328cdcbb8fe9c96fc048b5566167c80dd176a41b52d3b363058e3cc1dc5d
  original: lts-15.11
